
Microsoft Visual Studio Solution File, Format Version 10.00
# Visual Basic Express 2008
Project("{F184B08F-C81C-45F6-A57F-5ABD9991F28F}") = "FormatGen", "FormatGen\FormatGen.vbproj", "{D0E5C483-22C0-4C32-97D8-FF1B64927C7E}"
EndProject
Global
	GlobalSection(SolutionConfigurationPlatforms) = preSolution
		Debug|Any CPU = Debug|Any CPU
		Release|Any CPU = Release|Any CPU
	EndGlobalSection
	GlobalSection(ProjectConfigurationPlatforms) = postSolution
		{D0E5C483-22C0-4C32-97D8-FF1B64927C7E}.Debug|Any CPU.ActiveCfg = Debug|Any CPU
		{D0E5C483-22C0-4C32-97D8-FF1B64927C7E}.Debug|Any CPU.Build.0 = Debug|Any CPU
		{D0E5C483-22C0-4C32-97D8-FF1B64927C7E}.Release|Any CPU.ActiveCfg = Release|Any CPU
		{D0E5C483-22C0-4C32-97D8-FF1B64927C7E}.Release|Any CPU.Build.0 = Release|Any CPU
	EndGlobalSection
	GlobalSection(SolutionProperties) = preSolution
		HideSolutionNode = FALSE
	EndGlobalSection
EndGlobal
