
Microsoft Visual Studio Solution File, Format Version 10.00
# Visual Studio 2008
Project("{E24C65DC-7377-472B-9ABA-BC803B73C61A}") = "Lctmui", "ftp://192.168.11.130/Lctmui", "{A22E38C2-271B-497C-A709-BA424B541970}"
	ProjectSection(WebsiteProperties) = preProject
		TargetFramework = "3.5"
		Debug.AspNetCompiler.VirtualPath = "/Lctmui"
		Debug.AspNetCompiler.PhysicalPath = "..\..\Temp\2\VWDWebCache\ftp_192.168.11.130_Lctmui\"
		Debug.AspNetCompiler.TargetPath = "PrecompiledWeb\Lctmui\"
		Debug.AspNetCompiler.Updateable = "true"
		Debug.AspNetCompiler.ForceOverwrite = "true"
		Debug.AspNetCompiler.FixedNames = "false"
		Debug.AspNetCompiler.Debug = "True"
		Release.AspNetCompiler.VirtualPath = "/Lctmui"
		Release.AspNetCompiler.PhysicalPath = "..\..\Temp\2\VWDWebCache\ftp_192.168.11.130_Lctmui\"
		Release.AspNetCompiler.TargetPath = "PrecompiledWeb\Lctmui\"
		Release.AspNetCompiler.Updateable = "true"
		Release.AspNetCompiler.ForceOverwrite = "true"
		Release.AspNetCompiler.FixedNames = "false"
		Release.AspNetCompiler.Debug = "False"
		DefaultWebSiteLanguage = "Visual C#"
	EndProjectSection
EndProject
Global
	GlobalSection(SolutionConfigurationPlatforms) = preSolution
		Debug|.NET = Debug|.NET
	EndGlobalSection
	GlobalSection(ProjectConfigurationPlatforms) = postSolution
		{A22E38C2-271B-497C-A709-BA424B541970}.Debug|.NET.ActiveCfg = Debug|.NET
		{A22E38C2-271B-497C-A709-BA424B541970}.Debug|.NET.Build.0 = Debug|.NET
	EndGlobalSection
	GlobalSection(SolutionProperties) = preSolution
		HideSolutionNode = FALSE
	EndGlobalSection
EndGlobal
